<Solution>
  <Project Path="ERP.API/ERP.API.csproj" />
  <Project Path="ERP.Application/ERP.Application.csproj" />
  <Project Path="ERP.Domain/ERP.Domain.csproj" />
  <Project Path="ERP.Infrastrucure/ERP.Infrastructure.csproj" />
  <Project Path="ERP.WorkerService/ERP.WorkerService.csproj" />
</Solution>
